
Microsoft Visual Studio Solution File, Format Version 12.00
# Visual Studio Version 16
VisualStudioVersion = 16.0.28917.181
MinimumVisualStudioVersion = 10.0.40219.1
Project("{FAE04EC0-301F-11D3-BF4B-00C04F79EFBC}") = "PortScanner", "PortScanner.csproj", "{5D089452-6B59-47D9-B13D-FF60B2585DC7}"
EndProject
Global
	GlobalSection(SolutionConfigurationPlatforms) = preSolution
		Debug|Any CPU = Debug|Any CPU
		Release|Any CPU = Release|Any CPU
	EndGlobalSection
	GlobalSection(ProjectConfigurationPlatforms) = postSolution
		{5D089452-6B59-47D9-B13D-FF60B2585DC7}.Debug|Any CPU.ActiveCfg = Debug|Any CPU
		{5D089452-6B59-47D9-B13D-FF60B2585DC7}.Debug|Any CPU.Build.0 = Debug|Any CPU
		{5D089452-6B59-47D9-B13D-FF60B2585DC7}.Release|Any CPU.ActiveCfg = Release|Any CPU
		{5D089452-6B59-47D9-B13D-FF60B2585DC7}.Release|Any CPU.Build.0 = Release|Any CPU
	EndGlobalSection
	GlobalSection(SolutionProperties) = preSolution
		HideSolutionNode = FALSE
	EndGlobalSection
	GlobalSection(ExtensibilityGlobals) = postSolution
		SolutionGuid = {7B7809F2-11CC-4B4E-9308-D0153EE170A0}
	EndGlobalSection
EndGlobal
